github.com/01-edu/go-tests v0.0.0-20220810151637-8c6555da3e9f h1:9Qu1DU0uqUXfiAkCLZNnlJcLDXzfOqqpvzJMR86rx38=
github.com/01-edu/go-tests v0.0.0-20220810151637-8c6555da3e9f/go.mod h1:IYzuZWohzjAyod6PZ/oOxLeUFhf9yb361OVWWUqSgyM=
github.com/01-edu/z01 v0.1.0 h1:Rr1p92CKYXUgVFw872iGDABXpdkuKf2jmS+KV6r1034=
github.com/01-edu/z01 v0.1.0/go.mod h1:BH7t35JaNFuP83rTJDc5nkSfgmC/HYVcJsUcdFqYZNo=
